
Microsoft Visual Studio Solution File, Format Version 12.00
# Visual Studio Version 16
VisualStudioVersion = 16.0.34931.43
MinimumVisualStudioVersion = 10.0.40219.1
Project("{FAE04EC0-301F-11D3-BF4B-00C04F79EFBC}") = "DuckDBExample", "DuckDBExample.csproj", "{959A2AFC-FF69-4D61-A36C-D83A10E1D701}"
EndProject
Global
	GlobalSection(SolutionConfigurationPlatforms) = preSolution
		Debug|Any CPU = Debug|Any CPU
		Release|Any CPU = Release|Any CPU
	EndGlobalSection
	GlobalSection(ProjectConfigurationPlatforms) = postSolution
		{959A2AFC-FF69-4D61-A36C-D83A10E1D701}.Debug|Any CPU.ActiveCfg = Debug|Any CPU
		{959A2AFC-FF69-4D61-A36C-D83A10E1D701}.Debug|Any CPU.Build.0 = Debug|Any CPU
		{959A2AFC-FF69-4D61-A36C-D83A10E1D701}.Release|Any CPU.ActiveCfg = Release|Any CPU
		{959A2AFC-FF69-4D61-A36C-D83A10E1D701}.Release|Any CPU.Build.0 = Release|Any CPU
	EndGlobalSection
	GlobalSection(SolutionProperties) = preSolution
		HideSolutionNode = FALSE
	EndGlobalSection
	GlobalSection(ExtensibilityGlobals) = postSolution
		SolutionGuid = {1314CCB2-35C7-49BB-A542-CA9CAB7A3CF0}
	EndGlobalSection
EndGlobal
